
Microsoft Visual Studio Solution File, Format Version 12.00
# Visual Studio Version 17
VisualStudioVersion = 17.2.32630.192
MinimumVisualStudioVersion = 10.0.40219.1
Project("{9A19103F-16F7-4668-BE54-9A1E7A4F7556}") = "API", "API.csproj", "{D9294A80-6478-4C94-8EA9-48018721DA3E}"
EndProject
Global
	GlobalSection(SolutionConfigurationPlatforms) = preSolution
		Debug|Any CPU = Debug|Any CPU
		Release|Any CPU = Release|Any CPU
	EndGlobalSection
	GlobalSection(ProjectConfigurationPlatforms) = postSolution
		{D9294A80-6478-4C94-8EA9-48018721DA3E}.Debug|Any CPU.ActiveCfg = Debug|Any CPU
		{D9294A80-6478-4C94-8EA9-48018721DA3E}.Debug|Any CPU.Build.0 = Debug|Any CPU
		{D9294A80-6478-4C94-8EA9-48018721DA3E}.Release|Any CPU.ActiveCfg = Release|Any CPU
		{D9294A80-6478-4C94-8EA9-48018721DA3E}.Release|Any CPU.Build.0 = Release|Any CPU
	EndGlobalSection
	GlobalSection(SolutionProperties) = preSolution
		HideSolutionNode = FALSE
	EndGlobalSection
	GlobalSection(ExtensibilityGlobals) = postSolution
		SolutionGuid = {5479A719-8D7A-41D3-80BC-AEB09502364E}
	EndGlobalSection
EndGlobal
